{
  "version": 4,
  "terraform_version": "1.3.2",
  "serial": 75,
  "lineage": "c11d30bc-41bb-16c9-5284-ca682289c275",
  "outputs": {},
  "resources": [
    {
      "mode": "managed",
      "type": "kubernetes_service_v1",
      "name": "myapp2_np_service",
      "provider": "provider[\"registry.terraform.io/hashicorp/kubernetes\"]",
      "instances": [
        {
          "schema_version": 1,
          "attributes": {
            "id": "fp-ns-app1/app2-nginx-nodeport-service",
            "metadata": [
              {
                "annotations": {
                  "alb.ingress.kubernetes.io/healthcheck-path": "/app2/index.html"
                },
                "generate_name": "",
                "generation": 0,
                "labels": {},
                "name": "app2-nginx-nodeport-service",
                "namespace": "fp-ns-app1",
                "resource_version": "7224",
                "uid": "16d1186e-db5b-4bd6-af49-34b545c834d3"
              }
            ],
            "spec": [
              {
                "allocate_load_balancer_node_ports": true,
                "cluster_ip": "172.20.38.251",
                "cluster_ips": [
                  "172.20.38.251"
                ],
                "external_ips": [],
                "external_name": "",
                "external_traffic_policy": "Cluster",
                "health_check_node_port": 0,
                "internal_traffic_policy": "Cluster",
                "ip_families": [
                  "IPv4"
                ],
                "ip_family_policy": "SingleStack",
                "load_balancer_class": "",
                "load_balancer_ip": "",
                "load_balancer_source_ranges": [],
                "port": [
                  {
                    "app_protocol": "",
                    "name": "http",
                    "node_port": 31589,
                    "port": 80,
                    "protocol": "TCP",
                    "target_port": "80"
                  }
                ],
                "publish_not_ready_addresses": false,
                "selector": {
                  "app": "app2-nginx"
                },
                "session_affinity": "None",
                "session_affinity_config": [],
                "type": "NodePort"
              }
            ],
            "status": [
              {
                "load_balancer": [
                  {
                    "ingress": []
                  }
                ]
              }
            ],
            "timeouts": null,
            "wait_for_load_balancer": true
          },
          "sensitive_attributes": [],
          "private": "eyJlMmJmYjczMC1lY2FhLTExZTYtOGY4OC0zNDM2M2JjN2M0YzAiOnsiY3JlYXRlIjo2MDAwMDAwMDAwMDB9LCJzY2hlbWFfdmVyc2lvbiI6IjEifQ==",
          "dependencies": [
            "data.aws_eks_cluster.demo",
            "data.aws_eks_cluster_auth.demo",
            "data.terraform_remote_state.eks",
            "kubernetes_deployment_v1.myapp2"
          ]
        }
      ]
    },
    {
      "mode": "managed",
      "type": "kubernetes_service_v1",
      "name": "myapp3_np_service",
      "provider": "provider[\"registry.terraform.io/hashicorp/kubernetes\"]",
      "instances": [
        {
          "schema_version": 1,
          "attributes": {
            "id": "fp-ns-app1/app3-nginx-nodeport-service",
            "metadata": [
              {
                "annotations": {
                  "alb.ingress.kubernetes.io/healthcheck-path": "/index.html"
                },
                "generate_name": "",
                "generation": 0,
                "labels": {},
                "name": "app3-nginx-nodeport-service",
                "namespace": "fp-ns-app1",
                "resource_version": "7339",
                "uid": "3df34a69-89dc-4179-ad40-c5d7a631c5e4"
              }
            ],
            "spec": [
              {
                "allocate_load_balancer_node_ports": true,
                "cluster_ip": "172.20.34.113",
                "cluster_ips": [
                  "172.20.34.113"
                ],
                "external_ips": [],
                "external_name": "",
                "external_traffic_policy": "Cluster",
                "health_check_node_port": 0,
                "internal_traffic_policy": "Cluster",
                "ip_families": [
                  "IPv4"
                ],
                "ip_family_policy": "SingleStack",
                "load_balancer_class": "",
                "load_balancer_ip": "",
                "load_balancer_source_ranges": [],
                "port": [
                  {
                    "app_protocol": "",
                    "name": "http",
                    "node_port": 32686,
                    "port": 80,
                    "protocol": "TCP",
                    "target_port": "80"
                  }
                ],
                "publish_not_ready_addresses": false,
                "selector": {
                  "app": "app3-nginx"
                },
                "session_affinity": "None",
                "session_affinity_config": [],
                "type": "NodePort"
              }
            ],
            "status": [
              {
                "load_balancer": [
                  {
                    "ingress": []
                  }
                ]
              }
            ],
            "timeouts": null,
            "wait_for_load_balancer": true
          },
          "sensitive_attributes": [],
          "private": "eyJlMmJmYjczMC1lY2FhLTExZTYtOGY4OC0zNDM2M2JjN2M0YzAiOnsiY3JlYXRlIjo2MDAwMDAwMDAwMDB9LCJzY2hlbWFfdmVyc2lvbiI6IjEifQ==",
          "dependencies": [
            "data.aws_eks_cluster.demo",
            "data.aws_eks_cluster_auth.demo",
            "data.terraform_remote_state.eks",
            "kubernetes_deployment_v1.myapp3"
          ]
        }
      ]
    }
  ],
  "check_results": null
}
