{
  "version": 4,
  "terraform_version": "1.3.2",
  "serial": 73,
  "lineage": "c11d30bc-41bb-16c9-5284-ca682289c275",
  "outputs": {},
  "resources": [
    {
      "mode": "managed",
      "type": "kubernetes_ingress_v1",
      "name": "ingress",
      "provider": "provider[\"registry.terraform.io/hashicorp/kubernetes\"]",
      "instances": [
        {
          "schema_version": 0,
          "attributes": {
            "id": "fp-ns-app1/fargate-profile-demo",
            "metadata": [
              {
                "annotations": {
                  "alb.ingress.kubernetes.io/healthcheck-interval-seconds": "15",
                  "alb.ingress.kubernetes.io/healthcheck-port": "traffic-port",
                  "alb.ingress.kubernetes.io/healthcheck-protocol": "HTTP",
                  "alb.ingress.kubernetes.io/healthcheck-timeout-seconds": "5",
                  "alb.ingress.kubernetes.io/healthy-threshold-count": "2",
                  "alb.ingress.kubernetes.io/listen-ports": "[{\"HTTPS\":443},{\"HTTP\":80}]",
                  "alb.ingress.kubernetes.io/load-balancer-name": "fargate-profile-demo",
                  "alb.ingress.kubernetes.io/scheme": "internet-facing",
                  "alb.ingress.kubernetes.io/success-codes": "200",
                  "alb.ingress.kubernetes.io/target-type": "ip",
                  "alb.ingress.kubernetes.io/unhealthy-threshold-count": "2"
                },
                "generate_name": "",
                "generation": 2,
                "labels": {},
                "name": "fargate-profile-demo",
                "namespace": "fp-ns-app1",
                "resource_version": "11629",
                "uid": "7a474938-4808-4e0f-a4dd-29b798d3ed32"
              }
            ],
            "spec": [
              {
                "default_backend": [
                  {
                    "resource": [],
                    "service": [
                      {
                        "name": "app3-nginx-nodeport-service",
                        "port": [
                          {
                            "name": "",
                            "number": 80
                          }
                        ]
                      }
                    ]
                  }
                ],
                "ingress_class_name": "my-aws-ingress-class",
                "rule": [
                  {
                    "host": "",
                    "http": [
                      {
                        "path": [
                          {
                            "backend": [
                              {
                                "resource": [],
                                "service": [
                                  {
                                    "name": "app1-nginx-nodeport-service",
                                    "port": [
                                      {
                                        "name": "",
                                        "number": 80
                                      }
                                    ]
                                  }
                                ]
                              }
                            ],
                            "path": "/app1",
                            "path_type": "Prefix"
                          },
                          {
                            "backend": [
                              {
                                "resource": [],
                                "service": [
                                  {
                                    "name": "app2-nginx-nodeport-service",
                                    "port": [
                                      {
                                        "name": "",
                                        "number": 80
                                      }
                                    ]
                                  }
                                ]
                              }
                            ],
                            "path": "/app2",
                            "path_type": "Prefix"
                          }
                        ]
                      }
                    ]
                  }
                ],
                "tls": []
              }
            ],
            "status": [
              {
                "load_balancer": [
                  {
                    "ingress": []
                  }
                ]
              }
            ],
            "timeouts": null,
            "wait_for_load_balancer": null
          },
          "sensitive_attributes": [],
          "private": "eyJlMmJmYjczMC1lY2FhLTExZTYtOGY4OC0zNDM2M2JjN2M0YzAiOnsiY3JlYXRlIjoxMjAwMDAwMDAwMDAwLCJkZWxldGUiOjEyMDAwMDAwMDAwMDB9fQ==",
          "dependencies": [
            "data.aws_eks_cluster.demo",
            "data.aws_eks_cluster_auth.demo",
            "data.terraform_remote_state.eks",
            "kubernetes_deployment_v1.myapp1",
            "kubernetes_deployment_v1.myapp2",
            "kubernetes_deployment_v1.myapp3",
            "kubernetes_service_v1.myapp1_np_service",
            "kubernetes_service_v1.myapp2_np_service",
            "kubernetes_service_v1.myapp3_np_service"
          ]
        }
      ]
    },
    {
      "mode": "managed",
      "type": "kubernetes_service_v1",
      "name": "myapp1_np_service",
      "provider": "provider[\"registry.terraform.io/hashicorp/kubernetes\"]",
      "instances": [
        {
          "schema_version": 1,
          "attributes": {
            "id": "fp-ns-app1/app1-nginx-nodeport-service",
            "metadata": [
              {
                "annotations": {
                  "alb.ingress.kubernetes.io/healthcheck-path": "/app1/index.html"
                },
                "generate_name": "",
                "generation": 0,
                "labels": {},
                "name": "app1-nginx-nodeport-service",
                "namespace": "fp-ns-app1",
                "resource_version": "7154",
                "uid": "81fbb6da-a33d-46b1-84e7-5656984c600d"
              }
            ],
            "spec": [
              {
                "allocate_load_balancer_node_ports": true,
                "cluster_ip": "172.20.98.24",
                "cluster_ips": [
                  "172.20.98.24"
                ],
                "external_ips": [],
                "external_name": "",
                "external_traffic_policy": "Cluster",
                "health_check_node_port": 0,
                "internal_traffic_policy": "Cluster",
                "ip_families": [
                  "IPv4"
                ],
                "ip_family_policy": "SingleStack",
                "load_balancer_class": "",
                "load_balancer_ip": "",
                "load_balancer_source_ranges": [],
                "port": [
                  {
                    "app_protocol": "",
                    "name": "http",
                    "node_port": 30159,
                    "port": 80,
                    "protocol": "TCP",
                    "target_port": "80"
                  }
                ],
                "publish_not_ready_addresses": false,
                "selector": {
                  "app": "app1-nginx"
                },
                "session_affinity": "None",
                "session_affinity_config": [],
                "type": "NodePort"
              }
            ],
            "status": [
              {
                "load_balancer": [
                  {
                    "ingress": []
                  }
                ]
              }
            ],
            "timeouts": null,
            "wait_for_load_balancer": true
          },
          "sensitive_attributes": [],
          "private": "eyJlMmJmYjczMC1lY2FhLTExZTYtOGY4OC0zNDM2M2JjN2M0YzAiOnsiY3JlYXRlIjo2MDAwMDAwMDAwMDB9LCJzY2hlbWFfdmVyc2lvbiI6IjEifQ==",
          "dependencies": [
            "data.aws_eks_cluster.demo",
            "data.aws_eks_cluster_auth.demo",
            "data.terraform_remote_state.eks",
            "kubernetes_deployment_v1.myapp1"
          ]
        }
      ]
    },
    {
      "mode": "managed",
      "type": "kubernetes_service_v1",
      "name": "myapp2_np_service",
      "provider": "provider[\"registry.terraform.io/hashicorp/kubernetes\"]",
      "instances": [
        {
          "schema_version": 1,
          "attributes": {
            "id": "fp-ns-app1/app2-nginx-nodeport-service",
            "metadata": [
              {
                "annotations": {
                  "alb.ingress.kubernetes.io/healthcheck-path": "/app2/index.html"
                },
                "generate_name": "",
                "generation": 0,
                "labels": {},
                "name": "app2-nginx-nodeport-service",
                "namespace": "fp-ns-app1",
                "resource_version": "7224",
                "uid": "16d1186e-db5b-4bd6-af49-34b545c834d3"
              }
            ],
            "spec": [
              {
                "allocate_load_balancer_node_ports": true,
                "cluster_ip": "172.20.38.251",
                "cluster_ips": [
                  "172.20.38.251"
                ],
                "external_ips": [],
                "external_name": "",
                "external_traffic_policy": "Cluster",
                "health_check_node_port": 0,
                "internal_traffic_policy": "Cluster",
                "ip_families": [
                  "IPv4"
                ],
                "ip_family_policy": "SingleStack",
                "load_balancer_class": "",
                "load_balancer_ip": "",
                "load_balancer_source_ranges": [],
                "port": [
                  {
                    "app_protocol": "",
                    "name": "http",
                    "node_port": 31589,
                    "port": 80,
                    "protocol": "TCP",
                    "target_port": "80"
                  }
                ],
                "publish_not_ready_addresses": false,
                "selector": {
                  "app": "app2-nginx"
                },
                "session_affinity": "None",
                "session_affinity_config": [],
                "type": "NodePort"
              }
            ],
            "status": [
              {
                "load_balancer": [
                  {
                    "ingress": []
                  }
                ]
              }
            ],
            "timeouts": null,
            "wait_for_load_balancer": true
          },
          "sensitive_attributes": [],
          "private": "eyJlMmJmYjczMC1lY2FhLTExZTYtOGY4OC0zNDM2M2JjN2M0YzAiOnsiY3JlYXRlIjo2MDAwMDAwMDAwMDB9LCJzY2hlbWFfdmVyc2lvbiI6IjEifQ==",
          "dependencies": [
            "data.aws_eks_cluster.demo",
            "data.aws_eks_cluster_auth.demo",
            "data.terraform_remote_state.eks",
            "kubernetes_deployment_v1.myapp2"
          ]
        }
      ]
    },
    {
      "mode": "managed",
      "type": "kubernetes_service_v1",
      "name": "myapp3_np_service",
      "provider": "provider[\"registry.terraform.io/hashicorp/kubernetes\"]",
      "instances": [
        {
          "schema_version": 1,
          "attributes": {
            "id": "fp-ns-app1/app3-nginx-nodeport-service",
            "metadata": [
              {
                "annotations": {
                  "alb.ingress.kubernetes.io/healthcheck-path": "/index.html"
                },
                "generate_name": "",
                "generation": 0,
                "labels": {},
                "name": "app3-nginx-nodeport-service",
                "namespace": "fp-ns-app1",
                "resource_version": "7339",
                "uid": "3df34a69-89dc-4179-ad40-c5d7a631c5e4"
              }
            ],
            "spec": [
              {
                "allocate_load_balancer_node_ports": true,
                "cluster_ip": "172.20.34.113",
                "cluster_ips": [
                  "172.20.34.113"
                ],
                "external_ips": [],
                "external_name": "",
                "external_traffic_policy": "Cluster",
                "health_check_node_port": 0,
                "internal_traffic_policy": "Cluster",
                "ip_families": [
                  "IPv4"
                ],
                "ip_family_policy": "SingleStack",
                "load_balancer_class": "",
                "load_balancer_ip": "",
                "load_balancer_source_ranges": [],
                "port": [
                  {
                    "app_protocol": "",
                    "name": "http",
                    "node_port": 32686,
                    "port": 80,
                    "protocol": "TCP",
                    "target_port": "80"
                  }
                ],
                "publish_not_ready_addresses": false,
                "selector": {
                  "app": "app3-nginx"
                },
                "session_affinity": "None",
                "session_affinity_config": [],
                "type": "NodePort"
              }
            ],
            "status": [
              {
                "load_balancer": [
                  {
                    "ingress": []
                  }
                ]
              }
            ],
            "timeouts": null,
            "wait_for_load_balancer": true
          },
          "sensitive_attributes": [],
          "private": "eyJlMmJmYjczMC1lY2FhLTExZTYtOGY4OC0zNDM2M2JjN2M0YzAiOnsiY3JlYXRlIjo2MDAwMDAwMDAwMDB9LCJzY2hlbWFfdmVyc2lvbiI6IjEifQ==",
          "dependencies": [
            "data.aws_eks_cluster.demo",
            "data.aws_eks_cluster_auth.demo",
            "data.terraform_remote_state.eks",
            "kubernetes_deployment_v1.myapp3"
          ]
        }
      ]
    }
  ],
  "check_results": null
}
