{
  "version": 4,
  "terraform_version": "1.3.2",
  "serial": 69,
  "lineage": "c11d30bc-41bb-16c9-5284-ca682289c275",
  "outputs": {},
  "resources": [
    {
      "mode": "data",
      "type": "terraform_remote_state",
      "name": "eks",
      "provider": "provider[\"terraform.io/builtin/terraform\"]",
      "instances": [
        {
          "schema_version": 0,
          "attributes": {
            "backend": "s3",
            "config": {
              "value": {
                "bucket": "terraform-aws-eks-ukam",
                "key": "dev/eks-cluster/terraform.tfstate",
                "region": "us-east-1"
              },
              "type": [
                "object",
                {
                  "bucket": "string",
                  "key": "string",
                  "region": "string"
                }
              ]
            },
            "defaults": null,
            "outputs": {
              "value": {
                "aws_iam_openid_connect_provider_arn": "arn:aws:iam::760030951132:oidc-provider/oidc.eks.us-east-1.amazonaws.com/id/701CFBCDFC63E4FE1E9C128245D634F0",
                "cluster": "demo",
                "cluster_certificate_authority_data": "LS0tLS1CRUdJTiBDRVJUSUZJQ0FURS0tLS0tCk1JSUMvakNDQWVhZ0F3SUJBZ0lCQURBTkJna3Foa2lHOXcwQkFRc0ZBREFWTVJNd0VRWURWUVFERXdwcmRXSmwKY201bGRHVnpNQjRYRFRJek1ERXlOVEl6TlRJd05Wb1hEVE16TURFeU1qSXpOVEl3TlZvd0ZURVRNQkVHQTFVRQpBeE1LYTNWaVpYSnVaWFJsY3pDQ0FTSXdEUVlKS29aSWh2Y05BUUVCQlFBRGdnRVBBRENDQVFvQ2dnRUJBSytrCmRucUlsNTZma1d0b3Q1YktxeXJSZ0lKUjRhSUlvOWZmdS84V24yc2daZ1h0Z0s0TkxIU01QK0ZoQ2MrVTl5U2YKUlVmcEpwQlgvL2Zkb3hQUStXVTJoVWNuRWZ2c2pVSDgxcFV4UDI4ZWp4dVV5Y3ZuYW56bUI1dkFtOVhVUVRDagpXM2FNa0Q1TVdhQUlIVkVjYUkrZTV5SURkL2RrRWhDd0JIR01tWTdoWTBWZFBabmhEZ0tGMmpUWDlPWlZ4T3Y0CmdnZDJXSUh5WnhYUTl2VzRQK1hFRW0wZWR5U1JtTWNWTHh0TEQyeEZrSWlsMThpekNUSFdJZG4rdnJGOWM4NWEKUmgxNFNtbGpDZFBxbkgyOTRCRktra3c2R1RTZThhbXV3UklzRmUwNnJxY29KZk5ZMTU1YkhqZFErdjJ1dGwrNQpLSDdRZEJoZWZyM1pvSXZ0UGtjQ0F3RUFBYU5aTUZjd0RnWURWUjBQQVFIL0JBUURBZ0trTUE4R0ExVWRFd0VCCi93UUZNQU1CQWY4d0hRWURWUjBPQkJZRUZMTDBXaktqMlBFMzlHazJLTmwxbGFOWHFSemFNQlVHQTFVZEVRUU8KTUF5Q0NtdDFZbVZ5Ym1WMFpYTXdEUVlKS29aSWh2Y05BUUVMQlFBRGdnRUJBSDBjdVdhQ3ZBZitmVjBBWHJERQo0R0hQL08xUk1ENGdDeDYxNVV6cnpja0t4VGhuUVNiQllXTzhMTERlT1BWSDJuV0VvdUdpVHJ3eU0xbUt4ZDFJCkZGVWQ5Z3QxVXpoS1hVRjhKSFdmRUpZMTg2NXFHL0tnMTJxbnhPNThhcFZmWGQvWCtnS1RkRmFvcE5hdUJZbXYKZGdTSU56ZndGL2phaGRpdXdLeWxFNFpjZnFqK3ZZV2Jsanlyc0w5QndiTjZWTHEzZDZYcWFpNmVIU3FOaDMvMQpINHU0VE1JcUtpNDhPVUxnS0VOUmtaeEpKNlk1QmlBdHgwcS9tZnJJS204Y1IwSHlTSVpwU2NYaEJxazJXSzB5Cm1OVURzN0VZUXlJVGlEZjhTYjhoYzgxMmVuc3BwY2t3WjJBbHNOMG0rQnFzT0J1UzhabFh3UUZEZ2VOS2JrVG0KbGs0PQotLS0tLUVORCBDRVJUSUZJQ0FURS0tLS0tCg==",
                "default_fargate_profile_arn": "arn:aws:eks:us-east-1:760030951132:fargateprofile/demo/fp-default/42c2f5ae-7d62-2e35-ca9d-db6b570ed07f",
                "default_fargate_profile_id": "demo:fp-default",
                "default_fargate_profile_status": "ACTIVE",
                "fargate_profile_iam_role_arn": "arn:aws:iam::760030951132:role/eks-fargate-profile-role",
                "fp_ns_app1_fargate_profile_arn": "arn:aws:eks:us-east-1:760030951132:fargateprofile/demo/fp-ns-app1/04c2f5ae-c4ef-0205-8a81-7d5fd369da93",
                "fp_ns_app1_fargate_profile_id": "demo:fp-ns-app1",
                "fp_ns_app1_fargate_profile_status": "ACTIVE",
                "kube_system_fargate_profile_arn": "arn:aws:eks:us-east-1:760030951132:fargateprofile/demo/fp-kube-system/bec2f5ad-bd18-1b51-3150-490292ea88bb",
                "kube_system_fargate_profile_id": "demo:fp-kube-system",
                "kube_system_fargate_profile_status": "ACTIVE",
                "lbc_helm_metadata": [
                  {
                    "app_version": "v2.4.6",
                    "chart": "aws-load-balancer-controller",
                    "name": "aws-load-balancer-controller",
                    "namespace": "kube-system",
                    "revision": 1,
                    "values": "{\"clusterName\":\"demo\",\"image\":{\"repository\":\"602401143452.dkr.ecr.us-east-1.amazonaws.com/amazon/aws-load-balancer-controller\"},\"region\":\"us-east-1\",\"serviceAccount\":{\"annotations\":{\"eks.amazonaws.com/role-arn\":\"arn:aws:iam::760030951132:role/lbc_role\"},\"create\":true,\"name\":\"aws-load-balancer-controller\"},\"vpcId\":\"vpc-0bbb481a1261e526b\"}",
                    "version": "1.4.7"
                  }
                ],
                "test_policy_arn": "arn:aws:iam::760030951132:role/test-oidc"
              },
              "type": [
                "object",
                {
                  "aws_iam_openid_connect_provider_arn": "string",
                  "cluster": "string",
                  "cluster_certificate_authority_data": "string",
                  "default_fargate_profile_arn": "string",
                  "default_fargate_profile_id": "string",
                  "default_fargate_profile_status": "string",
                  "fargate_profile_iam_role_arn": "string",
                  "fp_ns_app1_fargate_profile_arn": "string",
                  "fp_ns_app1_fargate_profile_id": "string",
                  "fp_ns_app1_fargate_profile_status": "string",
                  "kube_system_fargate_profile_arn": "string",
                  "kube_system_fargate_profile_id": "string",
                  "kube_system_fargate_profile_status": "string",
                  "lbc_helm_metadata": [
                    "list",
                    [
                      "object",
                      {
                        "app_version": "string",
                        "chart": "string",
                        "name": "string",
                        "namespace": "string",
                        "revision": "number",
                        "values": "string",
                        "version": "string"
                      }
                    ]
                  ],
                  "test_policy_arn": "string"
                }
              ]
            },
            "workspace": null
          },
          "sensitive_attributes": []
        }
      ]
    },
    {
      "mode": "managed",
      "type": "kubernetes_deployment_v1",
      "name": "myapp1",
      "provider": "provider[\"registry.terraform.io/hashicorp/kubernetes\"]",
      "instances": [
        {
          "schema_version": 1,
          "attributes": {
            "id": "fp-ns-app1/app1-nginx-deployment",
            "metadata": [
              {
                "annotations": {},
                "generate_name": "",
                "generation": 1,
                "labels": {
                  "app": "app1-nginx"
                },
                "name": "app1-nginx-deployment",
                "namespace": "fp-ns-app1",
                "resource_version": "7140",
                "uid": "e2a71185-4ba6-4582-986e-1620c4fbf3fe"
              }
            ],
            "spec": [
              {
                "min_ready_seconds": 0,
                "paused": false,
                "progress_deadline_seconds": 600,
                "replicas": "1",
                "revision_history_limit": 10,
                "selector": [
                  {
                    "match_expressions": [],
                    "match_labels": {
                      "app": "app1-nginx"
                    }
                  }
                ],
                "strategy": [
                  {
                    "rolling_update": [
                      {
                        "max_surge": "25%",
                        "max_unavailable": "25%"
                      }
                    ],
                    "type": "RollingUpdate"
                  }
                ],
                "template": [
                  {
                    "metadata": [
                      {
                        "annotations": {},
                        "generate_name": "",
                        "generation": 0,
                        "labels": {
                          "app": "app1-nginx"
                        },
                        "name": "",
                        "namespace": "",
                        "resource_version": "",
                        "uid": ""
                      }
                    ],
                    "spec": [
                      {
                        "active_deadline_seconds": 0,
                        "affinity": [],
                        "automount_service_account_token": true,
                        "container": [
                          {
                            "args": [],
                            "command": [],
                            "env": [],
                            "env_from": [],
                            "image": "stacksimplify/kube-nginxapp1:1.0.0",
                            "image_pull_policy": "IfNotPresent",
                            "lifecycle": [],
                            "liveness_probe": [],
                            "name": "app1-nginx",
                            "port": [
                              {
                                "container_port": 80,
                                "host_ip": "",
                                "host_port": 0,
                                "name": "",
                                "protocol": "TCP"
                              }
                            ],
                            "readiness_probe": [],
                            "resources": [
                              {
                                "limits": {},
                                "requests": {}
                              }
                            ],
                            "security_context": [],
                            "startup_probe": [],
                            "stdin": false,
                            "stdin_once": false,
                            "termination_message_path": "/dev/termination-log",
                            "termination_message_policy": "File",
                            "tty": false,
                            "volume_mount": [],
                            "working_dir": ""
                          }
                        ],
                        "dns_config": [],
                        "dns_policy": "ClusterFirst",
                        "enable_service_links": true,
                        "host_aliases": [],
                        "host_ipc": false,
                        "host_network": false,
                        "host_pid": false,
                        "hostname": "",
                        "image_pull_secrets": [],
                        "init_container": [],
                        "node_name": "",
                        "node_selector": {},
                        "priority_class_name": "",
                        "readiness_gate": [],
                        "restart_policy": "Always",
                        "runtime_class_name": "",
                        "security_context": [],
                        "service_account_name": "",
                        "share_process_namespace": false,
                        "subdomain": "",
                        "termination_grace_period_seconds": 30,
                        "toleration": [],
                        "topology_spread_constraint": [],
                        "volume": []
                      }
                    ]
                  }
                ]
              }
            ],
            "timeouts": null,
            "wait_for_rollout": true
          },
          "sensitive_attributes": [],
          "private": "eyJlMmJmYjczMC1lY2FhLTExZTYtOGY4OC0zNDM2M2JjN2M0YzAiOnsiY3JlYXRlIjo2MDAwMDAwMDAwMDAsImRlbGV0ZSI6NjAwMDAwMDAwMDAwLCJ1cGRhdGUiOjYwMDAwMDAwMDAwMH0sInNjaGVtYV92ZXJzaW9uIjoiMSJ9",
          "dependencies": [
            "data.aws_eks_cluster.demo",
            "data.aws_eks_cluster_auth.demo",
            "data.terraform_remote_state.eks"
          ]
        }
      ]
    },
    {
      "mode": "managed",
      "type": "kubernetes_deployment_v1",
      "name": "myapp2",
      "provider": "provider[\"registry.terraform.io/hashicorp/kubernetes\"]",
      "instances": [
        {
          "schema_version": 1,
          "attributes": {
            "id": "fp-ns-app1/app2-nginx-deployment",
            "metadata": [
              {
                "annotations": {},
                "generate_name": "",
                "generation": 1,
                "labels": {
                  "app": "app2-nginx"
                },
                "name": "app2-nginx-deployment",
                "namespace": "fp-ns-app1",
                "resource_version": "7167",
                "uid": "74f0d780-b987-48fb-9206-c3953b6b5be3"
              }
            ],
            "spec": [
              {
                "min_ready_seconds": 0,
                "paused": false,
                "progress_deadline_seconds": 600,
                "replicas": "1",
                "revision_history_limit": 10,
                "selector": [
                  {
                    "match_expressions": [],
                    "match_labels": {
                      "app": "app2-nginx"
                    }
                  }
                ],
                "strategy": [
                  {
                    "rolling_update": [
                      {
                        "max_surge": "25%",
                        "max_unavailable": "25%"
                      }
                    ],
                    "type": "RollingUpdate"
                  }
                ],
                "template": [
                  {
                    "metadata": [
                      {
                        "annotations": {},
                        "generate_name": "",
                        "generation": 0,
                        "labels": {
                          "app": "app2-nginx"
                        },
                        "name": "",
                        "namespace": "",
                        "resource_version": "",
                        "uid": ""
                      }
                    ],
                    "spec": [
                      {
                        "active_deadline_seconds": 0,
                        "affinity": [],
                        "automount_service_account_token": true,
                        "container": [
                          {
                            "args": [],
                            "command": [],
                            "env": [],
                            "env_from": [],
                            "image": "stacksimplify/kube-nginxapp2:1.0.0",
                            "image_pull_policy": "IfNotPresent",
                            "lifecycle": [],
                            "liveness_probe": [],
                            "name": "app2-nginx",
                            "port": [
                              {
                                "container_port": 80,
                                "host_ip": "",
                                "host_port": 0,
                                "name": "",
                                "protocol": "TCP"
                              }
                            ],
                            "readiness_probe": [],
                            "resources": [
                              {
                                "limits": {},
                                "requests": {}
                              }
                            ],
                            "security_context": [],
                            "startup_probe": [],
                            "stdin": false,
                            "stdin_once": false,
                            "termination_message_path": "/dev/termination-log",
                            "termination_message_policy": "File",
                            "tty": false,
                            "volume_mount": [],
                            "working_dir": ""
                          }
                        ],
                        "dns_config": [],
                        "dns_policy": "ClusterFirst",
                        "enable_service_links": true,
                        "host_aliases": [],
                        "host_ipc": false,
                        "host_network": false,
                        "host_pid": false,
                        "hostname": "",
                        "image_pull_secrets": [],
                        "init_container": [],
                        "node_name": "",
                        "node_selector": {},
                        "priority_class_name": "",
                        "readiness_gate": [],
                        "restart_policy": "Always",
                        "runtime_class_name": "",
                        "security_context": [],
                        "service_account_name": "",
                        "share_process_namespace": false,
                        "subdomain": "",
                        "termination_grace_period_seconds": 30,
                        "toleration": [],
                        "topology_spread_constraint": [],
                        "volume": []
                      }
                    ]
                  }
                ]
              }
            ],
            "timeouts": null,
            "wait_for_rollout": true
          },
          "sensitive_attributes": [],
          "private": "eyJlMmJmYjczMC1lY2FhLTExZTYtOGY4OC0zNDM2M2JjN2M0YzAiOnsiY3JlYXRlIjo2MDAwMDAwMDAwMDAsImRlbGV0ZSI6NjAwMDAwMDAwMDAwLCJ1cGRhdGUiOjYwMDAwMDAwMDAwMH0sInNjaGVtYV92ZXJzaW9uIjoiMSJ9",
          "dependencies": [
            "data.aws_eks_cluster.demo",
            "data.aws_eks_cluster_auth.demo",
            "data.terraform_remote_state.eks"
          ]
        }
      ]
    },
    {
      "mode": "managed",
      "type": "kubernetes_deployment_v1",
      "name": "myapp3",
      "provider": "provider[\"registry.terraform.io/hashicorp/kubernetes\"]",
      "instances": [
        {
          "schema_version": 1,
          "attributes": {
            "id": "fp-ns-app1/app3-nginx-deployment",
            "metadata": [
              {
                "annotations": {},
                "generate_name": "",
                "generation": 1,
                "labels": {
                  "app": "app3-nginx"
                },
                "name": "app3-nginx-deployment",
                "namespace": "fp-ns-app1",
                "resource_version": "7317",
                "uid": "e1a05b1c-4af9-475b-a59d-34fcaeb6b779"
              }
            ],
            "spec": [
              {
                "min_ready_seconds": 0,
                "paused": false,
                "progress_deadline_seconds": 600,
                "replicas": "1",
                "revision_history_limit": 10,
                "selector": [
                  {
                    "match_expressions": [],
                    "match_labels": {
                      "app": "app3-nginx"
                    }
                  }
                ],
                "strategy": [
                  {
                    "rolling_update": [
                      {
                        "max_surge": "25%",
                        "max_unavailable": "25%"
                      }
                    ],
                    "type": "RollingUpdate"
                  }
                ],
                "template": [
                  {
                    "metadata": [
                      {
                        "annotations": {},
                        "generate_name": "",
                        "generation": 0,
                        "labels": {
                          "app": "app3-nginx"
                        },
                        "name": "",
                        "namespace": "",
                        "resource_version": "",
                        "uid": ""
                      }
                    ],
                    "spec": [
                      {
                        "active_deadline_seconds": 0,
                        "affinity": [],
                        "automount_service_account_token": true,
                        "container": [
                          {
                            "args": [],
                            "command": [],
                            "env": [],
                            "env_from": [],
                            "image": "stacksimplify/kubenginx:1.0.0",
                            "image_pull_policy": "IfNotPresent",
                            "lifecycle": [],
                            "liveness_probe": [],
                            "name": "app3-nginx",
                            "port": [
                              {
                                "container_port": 80,
                                "host_ip": "",
                                "host_port": 0,
                                "name": "",
                                "protocol": "TCP"
                              }
                            ],
                            "readiness_probe": [],
                            "resources": [
                              {
                                "limits": {
                                  "cpu": "2",
                                  "memory": "4Gi"
                                },
                                "requests": {
                                  "cpu": "1",
                                  "memory": "2Gi"
                                }
                              }
                            ],
                            "security_context": [],
                            "startup_probe": [],
                            "stdin": false,
                            "stdin_once": false,
                            "termination_message_path": "/dev/termination-log",
                            "termination_message_policy": "File",
                            "tty": false,
                            "volume_mount": [],
                            "working_dir": ""
                          }
                        ],
                        "dns_config": [],
                        "dns_policy": "ClusterFirst",
                        "enable_service_links": true,
                        "host_aliases": [],
                        "host_ipc": false,
                        "host_network": false,
                        "host_pid": false,
                        "hostname": "",
                        "image_pull_secrets": [],
                        "init_container": [],
                        "node_name": "",
                        "node_selector": {},
                        "priority_class_name": "",
                        "readiness_gate": [],
                        "restart_policy": "Always",
                        "runtime_class_name": "",
                        "security_context": [],
                        "service_account_name": "",
                        "share_process_namespace": false,
                        "subdomain": "",
                        "termination_grace_period_seconds": 30,
                        "toleration": [],
                        "topology_spread_constraint": [],
                        "volume": []
                      }
                    ]
                  }
                ]
              }
            ],
            "timeouts": null,
            "wait_for_rollout": true
          },
          "sensitive_attributes": [],
          "private": "eyJlMmJmYjczMC1lY2FhLTExZTYtOGY4OC0zNDM2M2JjN2M0YzAiOnsiY3JlYXRlIjo2MDAwMDAwMDAwMDAsImRlbGV0ZSI6NjAwMDAwMDAwMDAwLCJ1cGRhdGUiOjYwMDAwMDAwMDAwMH0sInNjaGVtYV92ZXJzaW9uIjoiMSJ9",
          "dependencies": [
            "data.aws_eks_cluster.demo",
            "data.aws_eks_cluster_auth.demo",
            "data.terraform_remote_state.eks"
          ]
        }
      ]
    },
    {
      "mode": "managed",
      "type": "kubernetes_ingress_v1",
      "name": "ingress",
      "provider": "provider[\"registry.terraform.io/hashicorp/kubernetes\"]",
      "instances": [
        {
          "schema_version": 0,
          "attributes": {
            "id": "fp-ns-app1/fargate-profile-demo",
            "metadata": [
              {
                "annotations": {
                  "alb.ingress.kubernetes.io/healthcheck-interval-seconds": "15",
                  "alb.ingress.kubernetes.io/healthcheck-port": "traffic-port",
                  "alb.ingress.kubernetes.io/healthcheck-protocol": "HTTP",
                  "alb.ingress.kubernetes.io/healthcheck-timeout-seconds": "5",
                  "alb.ingress.kubernetes.io/healthy-threshold-count": "2",
                  "alb.ingress.kubernetes.io/listen-ports": "[{\"HTTPS\":443},{\"HTTP\":80}]",
                  "alb.ingress.kubernetes.io/load-balancer-name": "fargate-profile-demo",
                  "alb.ingress.kubernetes.io/scheme": "internet-facing",
                  "alb.ingress.kubernetes.io/success-codes": "200",
                  "alb.ingress.kubernetes.io/target-type": "ip",
                  "alb.ingress.kubernetes.io/unhealthy-threshold-count": "2"
                },
                "generate_name": "",
                "generation": 2,
                "labels": {},
                "name": "fargate-profile-demo",
                "namespace": "fp-ns-app1",
                "resource_version": "11629",
                "uid": "7a474938-4808-4e0f-a4dd-29b798d3ed32"
              }
            ],
            "spec": [
              {
                "default_backend": [
                  {
                    "resource": [],
                    "service": [
                      {
                        "name": "app3-nginx-nodeport-service",
                        "port": [
                          {
                            "name": "",
                            "number": 80
                          }
                        ]
                      }
                    ]
                  }
                ],
                "ingress_class_name": "my-aws-ingress-class",
                "rule": [
                  {
                    "host": "",
                    "http": [
                      {
                        "path": [
                          {
                            "backend": [
                              {
                                "resource": [],
                                "service": [
                                  {
                                    "name": "app1-nginx-nodeport-service",
                                    "port": [
                                      {
                                        "name": "",
                                        "number": 80
                                      }
                                    ]
                                  }
                                ]
                              }
                            ],
                            "path": "/app1",
                            "path_type": "Prefix"
                          },
                          {
                            "backend": [
                              {
                                "resource": [],
                                "service": [
                                  {
                                    "name": "app2-nginx-nodeport-service",
                                    "port": [
                                      {
                                        "name": "",
                                        "number": 80
                                      }
                                    ]
                                  }
                                ]
                              }
                            ],
                            "path": "/app2",
                            "path_type": "Prefix"
                          }
                        ]
                      }
                    ]
                  }
                ],
                "tls": []
              }
            ],
            "status": [
              {
                "load_balancer": [
                  {
                    "ingress": []
                  }
                ]
              }
            ],
            "timeouts": null,
            "wait_for_load_balancer": null
          },
          "sensitive_attributes": [],
          "private": "eyJlMmJmYjczMC1lY2FhLTExZTYtOGY4OC0zNDM2M2JjN2M0YzAiOnsiY3JlYXRlIjoxMjAwMDAwMDAwMDAwLCJkZWxldGUiOjEyMDAwMDAwMDAwMDB9fQ==",
          "dependencies": [
            "data.aws_eks_cluster.demo",
            "data.aws_eks_cluster_auth.demo",
            "data.terraform_remote_state.eks",
            "kubernetes_deployment_v1.myapp1",
            "kubernetes_deployment_v1.myapp2",
            "kubernetes_deployment_v1.myapp3",
            "kubernetes_service_v1.myapp1_np_service",
            "kubernetes_service_v1.myapp2_np_service",
            "kubernetes_service_v1.myapp3_np_service"
          ]
        }
      ]
    },
    {
      "mode": "managed",
      "type": "kubernetes_service_v1",
      "name": "myapp1_np_service",
      "provider": "provider[\"registry.terraform.io/hashicorp/kubernetes\"]",
      "instances": [
        {
          "schema_version": 1,
          "attributes": {
            "id": "fp-ns-app1/app1-nginx-nodeport-service",
            "metadata": [
              {
                "annotations": {
                  "alb.ingress.kubernetes.io/healthcheck-path": "/app1/index.html"
                },
                "generate_name": "",
                "generation": 0,
                "labels": {},
                "name": "app1-nginx-nodeport-service",
                "namespace": "fp-ns-app1",
                "resource_version": "7154",
                "uid": "81fbb6da-a33d-46b1-84e7-5656984c600d"
              }
            ],
            "spec": [
              {
                "allocate_load_balancer_node_ports": true,
                "cluster_ip": "172.20.98.24",
                "cluster_ips": [
                  "172.20.98.24"
                ],
                "external_ips": [],
                "external_name": "",
                "external_traffic_policy": "Cluster",
                "health_check_node_port": 0,
                "internal_traffic_policy": "Cluster",
                "ip_families": [
                  "IPv4"
                ],
                "ip_family_policy": "SingleStack",
                "load_balancer_class": "",
                "load_balancer_ip": "",
                "load_balancer_source_ranges": [],
                "port": [
                  {
                    "app_protocol": "",
                    "name": "http",
                    "node_port": 30159,
                    "port": 80,
                    "protocol": "TCP",
                    "target_port": "80"
                  }
                ],
                "publish_not_ready_addresses": false,
                "selector": {
                  "app": "app1-nginx"
                },
                "session_affinity": "None",
                "session_affinity_config": [],
                "type": "NodePort"
              }
            ],
            "status": [
              {
                "load_balancer": [
                  {
                    "ingress": []
                  }
                ]
              }
            ],
            "timeouts": null,
            "wait_for_load_balancer": true
          },
          "sensitive_attributes": [],
          "private": "eyJlMmJmYjczMC1lY2FhLTExZTYtOGY4OC0zNDM2M2JjN2M0YzAiOnsiY3JlYXRlIjo2MDAwMDAwMDAwMDB9LCJzY2hlbWFfdmVyc2lvbiI6IjEifQ==",
          "dependencies": [
            "data.aws_eks_cluster.demo",
            "data.aws_eks_cluster_auth.demo",
            "data.terraform_remote_state.eks",
            "kubernetes_deployment_v1.myapp1"
          ]
        }
      ]
    },
    {
      "mode": "managed",
      "type": "kubernetes_service_v1",
      "name": "myapp2_np_service",
      "provider": "provider[\"registry.terraform.io/hashicorp/kubernetes\"]",
      "instances": [
        {
          "schema_version": 1,
          "attributes": {
            "id": "fp-ns-app1/app2-nginx-nodeport-service",
            "metadata": [
              {
                "annotations": {
                  "alb.ingress.kubernetes.io/healthcheck-path": "/app2/index.html"
                },
                "generate_name": "",
                "generation": 0,
                "labels": {},
                "name": "app2-nginx-nodeport-service",
                "namespace": "fp-ns-app1",
                "resource_version": "7224",
                "uid": "16d1186e-db5b-4bd6-af49-34b545c834d3"
              }
            ],
            "spec": [
              {
                "allocate_load_balancer_node_ports": true,
                "cluster_ip": "172.20.38.251",
                "cluster_ips": [
                  "172.20.38.251"
                ],
                "external_ips": [],
                "external_name": "",
                "external_traffic_policy": "Cluster",
                "health_check_node_port": 0,
                "internal_traffic_policy": "Cluster",
                "ip_families": [
                  "IPv4"
                ],
                "ip_family_policy": "SingleStack",
                "load_balancer_class": "",
                "load_balancer_ip": "",
                "load_balancer_source_ranges": [],
                "port": [
                  {
                    "app_protocol": "",
                    "name": "http",
                    "node_port": 31589,
                    "port": 80,
                    "protocol": "TCP",
                    "target_port": "80"
                  }
                ],
                "publish_not_ready_addresses": false,
                "selector": {
                  "app": "app2-nginx"
                },
                "session_affinity": "None",
                "session_affinity_config": [],
                "type": "NodePort"
              }
            ],
            "status": [
              {
                "load_balancer": [
                  {
                    "ingress": []
                  }
                ]
              }
            ],
            "timeouts": null,
            "wait_for_load_balancer": true
          },
          "sensitive_attributes": [],
          "private": "eyJlMmJmYjczMC1lY2FhLTExZTYtOGY4OC0zNDM2M2JjN2M0YzAiOnsiY3JlYXRlIjo2MDAwMDAwMDAwMDB9LCJzY2hlbWFfdmVyc2lvbiI6IjEifQ==",
          "dependencies": [
            "data.aws_eks_cluster.demo",
            "data.aws_eks_cluster_auth.demo",
            "data.terraform_remote_state.eks",
            "kubernetes_deployment_v1.myapp2"
          ]
        }
      ]
    },
    {
      "mode": "managed",
      "type": "kubernetes_service_v1",
      "name": "myapp3_np_service",
      "provider": "provider[\"registry.terraform.io/hashicorp/kubernetes\"]",
      "instances": [
        {
          "schema_version": 1,
          "attributes": {
            "id": "fp-ns-app1/app3-nginx-nodeport-service",
            "metadata": [
              {
                "annotations": {
                  "alb.ingress.kubernetes.io/healthcheck-path": "/index.html"
                },
                "generate_name": "",
                "generation": 0,
                "labels": {},
                "name": "app3-nginx-nodeport-service",
                "namespace": "fp-ns-app1",
                "resource_version": "7339",
                "uid": "3df34a69-89dc-4179-ad40-c5d7a631c5e4"
              }
            ],
            "spec": [
              {
                "allocate_load_balancer_node_ports": true,
                "cluster_ip": "172.20.34.113",
                "cluster_ips": [
                  "172.20.34.113"
                ],
                "external_ips": [],
                "external_name": "",
                "external_traffic_policy": "Cluster",
                "health_check_node_port": 0,
                "internal_traffic_policy": "Cluster",
                "ip_families": [
                  "IPv4"
                ],
                "ip_family_policy": "SingleStack",
                "load_balancer_class": "",
                "load_balancer_ip": "",
                "load_balancer_source_ranges": [],
                "port": [
                  {
                    "app_protocol": "",
                    "name": "http",
                    "node_port": 32686,
                    "port": 80,
                    "protocol": "TCP",
                    "target_port": "80"
                  }
                ],
                "publish_not_ready_addresses": false,
                "selector": {
                  "app": "app3-nginx"
                },
                "session_affinity": "None",
                "session_affinity_config": [],
                "type": "NodePort"
              }
            ],
            "status": [
              {
                "load_balancer": [
                  {
                    "ingress": []
                  }
                ]
              }
            ],
            "timeouts": null,
            "wait_for_load_balancer": true
          },
          "sensitive_attributes": [],
          "private": "eyJlMmJmYjczMC1lY2FhLTExZTYtOGY4OC0zNDM2M2JjN2M0YzAiOnsiY3JlYXRlIjo2MDAwMDAwMDAwMDB9LCJzY2hlbWFfdmVyc2lvbiI6IjEifQ==",
          "dependencies": [
            "data.aws_eks_cluster.demo",
            "data.aws_eks_cluster_auth.demo",
            "data.terraform_remote_state.eks",
            "kubernetes_deployment_v1.myapp3"
          ]
        }
      ]
    }
  ],
  "check_results": null
}
