{
    "format_version": "1.1",
    "terraform_version": "1.3.2",
    "variables": {
        "common_tags": {
            "value": {
                "environment": "dev",
                "purpose": "opa"
            }
        },
        "location": {
            "value": "West US"
        },
        "resource_group_name": {
            "value": "opa-test"
        },
        "subnets": {
            "value": {
                "subnet1": "10.0.0.0/24",
                "subnet2": "10.0.1.0/24"
            }
        },
        "vnet_address_space": {
            "value": "10.0.0.0/16"
        }
    },
    "planned_values": {
        "root_module": {
            "resources": [
                {
                    "address": "azurerm_resource_group.main",
                    "mode": "managed",
                    "type": "azurerm_resource_group",
                    "name": "main",
                    "provider_name": "registry.terraform.io/hashicorp/azurerm",
                    "schema_version": 0,
                    "values": {
                        "location": "westus",
                        "name": "opa-test",
                        "tags": {
                            "environment": "dev",
                            "purpose": "opa"
                        },
                        "timeouts": null
                    },
                    "sensitive_values": {
                        "tags": {}
                    }
                },
                {
                    "address": "azurerm_subnet.main[\"subnet1\"]",
                    "mode": "managed",
                    "type": "azurerm_subnet",
                    "name": "main",
                    "index": "subnet1",
                    "provider_name": "registry.terraform.io/hashicorp/azurerm",
                    "schema_version": 0,
                    "values": {
                        "address_prefixes": [
                            "10.0.0.0/24"
                        ],
                        "delegation": [],
                        "name": "subnet1",
                        "resource_group_name": "opa-test",
                        "service_endpoint_policy_ids": null,
                        "service_endpoints": null,
                        "timeouts": null,
                        "virtual_network_name": "opa-test"
                    },
                    "sensitive_values": {
                        "address_prefixes": [
                            false
                        ],
                        "delegation": []
                    }
                },
                {
                    "address": "azurerm_subnet.main[\"subnet2\"]",
                    "mode": "managed",
                    "type": "azurerm_subnet",
                    "name": "main",
                    "index": "subnet2",
                    "provider_name": "registry.terraform.io/hashicorp/azurerm",
                    "schema_version": 0,
                    "values": {
                        "address_prefixes": [
                            "10.0.1.0/24"
                        ],
                        "delegation": [],
                        "name": "subnet2",
                        "resource_group_name": "opa-test",
                        "service_endpoint_policy_ids": null,
                        "service_endpoints": null,
                        "timeouts": null,
                        "virtual_network_name": "opa-test"
                    },
                    "sensitive_values": {
                        "address_prefixes": [
                            false
                        ],
                        "delegation": []
                    }
                },
                {
                    "address": "azurerm_virtual_network.main",
                    "mode": "managed",
                    "type": "azurerm_virtual_network",
                    "name": "main",
                    "provider_name": "registry.terraform.io/hashicorp/azurerm",
                    "schema_version": 0,
                    "values": {
                        "address_space": [
                            "10.0.0.0/16"
                        ],
                        "bgp_community": null,
                        "ddos_protection_plan": [],
                        "edge_zone": null,
                        "flow_timeout_in_minutes": null,
                        "location": "westus",
                        "name": "opa-test",
                        "resource_group_name": "opa-test",
                        "tags": {
                            "environment": "dev",
                            "purpose": "opa"
                        },
                        "timeouts": null
                    },
                    "sensitive_values": {
                        "address_space": [
                            false
                        ],
                        "ddos_protection_plan": [],
                        "dns_servers": [],
                        "subnet": [],
                        "tags": {}
                    }
                }
            ]
        }
    },
    "resource_changes": [
        {
            "address": "azurerm_resource_group.main",
            "mode": "managed",
            "type": "azurerm_resource_group",
            "name": "main",
            "provider_name": "registry.terraform.io/hashicorp/azurerm",
            "change": {
                "actions": [
                    "create"
                ],
                "before": null,
                "after": {
                    "location": "westus",
                    "name": "opa-test",
                    "tags": {
                        "environment": "dev",
                        "purpose": "opa"
                    },
                    "timeouts": null
                },
                "after_unknown": {
                    "id": true,
                    "tags": {}
                },
                "before_sensitive": false,
                "after_sensitive": {
                    "tags": {}
                }
            }
        },
        {
            "address": "azurerm_subnet.main[\"subnet1\"]",
            "mode": "managed",
            "type": "azurerm_subnet",
            "name": "main",
            "index": "subnet1",
            "provider_name": "registry.terraform.io/hashicorp/azurerm",
            "change": {
                "actions": [
                    "create"
                ],
                "before": null,
                "after": {
                    "address_prefixes": [
                        "10.0.0.0/24"
                    ],
                    "delegation": [],
                    "name": "subnet1",
                    "resource_group_name": "opa-test",
                    "service_endpoint_policy_ids": null,
                    "service_endpoints": null,
                    "timeouts": null,
                    "virtual_network_name": "opa-test"
                },
                "after_unknown": {
                    "address_prefixes": [
                        false
                    ],
                    "delegation": [],
                    "enforce_private_link_endpoint_network_policies": true,
                    "enforce_private_link_service_network_policies": true,
                    "id": true,
                    "private_endpoint_network_policies_enabled": true,
                    "private_link_service_network_policies_enabled": true
                },
                "before_sensitive": false,
                "after_sensitive": {
                    "address_prefixes": [
                        false
                    ],
                    "delegation": []
                }
            }
        },
        {
            "address": "azurerm_subnet.main[\"subnet2\"]",
            "mode": "managed",
            "type": "azurerm_subnet",
            "name": "main",
            "index": "subnet2",
            "provider_name": "registry.terraform.io/hashicorp/azurerm",
            "change": {
                "actions": [
                    "create"
                ],
                "before": null,
                "after": {
                    "address_prefixes": [
                        "10.0.1.0/24"
                    ],
                    "delegation": [],
                    "name": "subnet2",
                    "resource_group_name": "opa-test",
                    "service_endpoint_policy_ids": null,
                    "service_endpoints": null,
                    "timeouts": null,
                    "virtual_network_name": "opa-test"
                },
                "after_unknown": {
                    "address_prefixes": [
                        false
                    ],
                    "delegation": [],
                    "enforce_private_link_endpoint_network_policies": true,
                    "enforce_private_link_service_network_policies": true,
                    "id": true,
                    "private_endpoint_network_policies_enabled": true,
                    "private_link_service_network_policies_enabled": true
                },
                "before_sensitive": false,
                "after_sensitive": {
                    "address_prefixes": [
                        false
                    ],
                    "delegation": []
                }
            }
        },
        {
            "address": "azurerm_virtual_network.main",
            "mode": "managed",
            "type": "azurerm_virtual_network",
            "name": "main",
            "provider_name": "registry.terraform.io/hashicorp/azurerm",
            "change": {
                "actions": [
                    "create"
                ],
                "before": null,
                "after": {
                    "address_space": [
                        "10.0.0.0/16"
                    ],
                    "bgp_community": null,
                    "ddos_protection_plan": [],
                    "edge_zone": null,
                    "flow_timeout_in_minutes": null,
                    "location": "westus",
                    "name": "opa-test",
                    "resource_group_name": "opa-test",
                    "tags": {
                        "environment": "dev",
                        "purpose": "opa"
                    },
                    "timeouts": null
                },
                "after_unknown": {
                    "address_space": [
                        false
                    ],
                    "ddos_protection_plan": [],
                    "dns_servers": true,
                    "guid": true,
                    "id": true,
                    "subnet": true,
                    "tags": {}
                },
                "before_sensitive": false,
                "after_sensitive": {
                    "address_space": [
                        false
                    ],
                    "ddos_protection_plan": [],
                    "dns_servers": [],
                    "subnet": [],
                    "tags": {}
                }
            }
        }
    ],
    "configuration": {
        "provider_config": {
            "azurerm": {
                "name": "azurerm",
                "full_name": "registry.terraform.io/hashicorp/azurerm",
                "version_constraint": "~\u003e 3.0",
                "expressions": {
                    "features": [
                        {}
                    ]
                }
            }
        },
        "root_module": {
            "resources": [
                {
                    "address": "azurerm_resource_group.main",
                    "mode": "managed",
                    "type": "azurerm_resource_group",
                    "name": "main",
                    "provider_config_key": "azurerm",
                    "expressions": {
                        "location": {
                            "references": [
                                "var.location"
                            ]
                        },
                        "name": {
                            "references": [
                                "var.resource_group_name"
                            ]
                        },
                        "tags": {
                            "references": [
                                "var.common_tags"
                            ]
                        }
                    },
                    "schema_version": 0
                },
                {
                    "address": "azurerm_subnet.main",
                    "mode": "managed",
                    "type": "azurerm_subnet",
                    "name": "main",
                    "provider_config_key": "azurerm",
                    "expressions": {
                        "address_prefixes": {
                            "references": [
                                "each.value"
                            ]
                        },
                        "name": {
                            "references": [
                                "each.key"
                            ]
                        },
                        "resource_group_name": {
                            "references": [
                                "azurerm_resource_group.main.name",
                                "azurerm_resource_group.main"
                            ]
                        },
                        "virtual_network_name": {
                            "references": [
                                "azurerm_virtual_network.main.name",
                                "azurerm_virtual_network.main"
                            ]
                        }
                    },
                    "schema_version": 0,
                    "for_each_expression": {
                        "references": [
                            "var.subnets"
                        ]
                    }
                },
                {
                    "address": "azurerm_virtual_network.main",
                    "mode": "managed",
                    "type": "azurerm_virtual_network",
                    "name": "main",
                    "provider_config_key": "azurerm",
                    "expressions": {
                        "address_space": {
                            "references": [
                                "var.vnet_address_space"
                            ]
                        },
                        "location": {
                            "references": [
                                "azurerm_resource_group.main.location",
                                "azurerm_resource_group.main"
                            ]
                        },
                        "name": {
                            "references": [
                                "azurerm_resource_group.main.name",
                                "azurerm_resource_group.main"
                            ]
                        },
                        "resource_group_name": {
                            "references": [
                                "azurerm_resource_group.main.name",
                                "azurerm_resource_group.main"
                            ]
                        },
                        "tags": {
                            "references": [
                                "var.common_tags"
                            ]
                        }
                    },
                    "schema_version": 0
                }
            ],
            "variables": {
                "common_tags": {
                    "default": {
                        "environment": "dev",
                        "purpose": "opa"
                    },
                    "description": "Common tags to apply to all resources."
                },
                "location": {
                    "default": "West US",
                    "description": "Location/region where the resources will be created."
                },
                "resource_group_name": {
                    "default": "opa-test",
                    "description": "Name of the resource group to create."
                },
                "subnets": {
                    "default": {
                        "subnet1": "10.0.0.0/24",
                        "subnet2": "10.0.1.0/24"
                    },
                    "description": "List of subnets to create."
                },
                "vnet_address_space": {
                    "default": "10.0.0.0/16",
                    "description": "CIDR block for the virtual network."
                }
            }
        }
    },
    "relevant_attributes": [
        {
            "resource": "azurerm_resource_group.main",
            "attribute": [
                "name"
            ]
        },
        {
            "resource": "azurerm_resource_group.main",
            "attribute": [
                "location"
            ]
        },
        {
            "resource": "azurerm_virtual_network.main",
            "attribute": [
                "name"
            ]
        }
    ]
}